{
  "requires": true,
  "lockfileVersion": 1,
  "dependencies": {
    "@adraffy/ens-normalize": {
      "version": "1.9.2",
      "resolved": "https://registry.npmjs.org/@adraffy/ens-normalize/-/ens-normalize-1.9.2.tgz",
      "integrity": "sha512-0h+FrQDqe2Wn+IIGFkTCd4aAwTJ+7834Ek1COohCyV26AXhwQ7WQaz+4F/nLOeVl/3BtWHOHLPsq46V8YB46Eg=="
    }
  }
}
